
Microsoft Visual Studio Solution File, Format Version 12.00
# Visual Studio 15
VisualStudioVersion = 15.0.27703.2035
MinimumVisualStudioVersion = 10.0.40219.1
Project("{8BC9CEB8-8B4A-11D0-8D11-00A0C91BC942}") = "BTree2LinkedList", "BTree2LinkedList\BTree2LinkedList.vcxproj", "{60198571-FA04-4DD3-8183-8DB816B93645}"
EndProject
Project("{8BC9CEB8-8B4A-11D0-8D11-00A0C91BC942}") = "CopyComplexLinkedList", "..\CopyComplexLinkedList\CopyComplexLinkedList\CopyComplexLinkedList.vcxproj", "{FC7D16AD-795B-4D9D-B359-2E12D9B4A338}"
EndProject
Global
	GlobalSection(SolutionConfigurationPlatforms) = preSolution
		Debug|x64 = Debug|x64
		Debug|x86 = Debug|x86
		Release|x64 = Release|x64
		Release|x86 = Release|x86
	EndGlobalSection
	GlobalSection(ProjectConfigurationPlatforms) = postSolution
		{60198571-FA04-4DD3-8183-8DB816B93645}.Debug|x64.ActiveCfg = Debug|x64
		{60198571-FA04-4DD3-8183-8DB816B93645}.Debug|x64.Build.0 = Debug|x64
		{60198571-FA04-4DD3-8183-8DB816B93645}.Debug|x86.ActiveCfg = Debug|Win32
		{60198571-FA04-4DD3-8183-8DB816B93645}.Debug|x86.Build.0 = Debug|Win32
		{60198571-FA04-4DD3-8183-8DB816B93645}.Release|x64.ActiveCfg = Release|x64
		{60198571-FA04-4DD3-8183-8DB816B93645}.Release|x64.Build.0 = Release|x64
		{60198571-FA04-4DD3-8183-8DB816B93645}.Release|x86.ActiveCfg = Release|Win32
		{60198571-FA04-4DD3-8183-8DB816B93645}.Release|x86.Build.0 = Release|Win32
		{FC7D16AD-795B-4D9D-B359-2E12D9B4A338}.Debug|x64.ActiveCfg = Debug|x64
		{FC7D16AD-795B-4D9D-B359-2E12D9B4A338}.Debug|x64.Build.0 = Debug|x64
		{FC7D16AD-795B-4D9D-B359-2E12D9B4A338}.Debug|x86.ActiveCfg = Debug|Win32
		{FC7D16AD-795B-4D9D-B359-2E12D9B4A338}.Debug|x86.Build.0 = Debug|Win32
		{FC7D16AD-795B-4D9D-B359-2E12D9B4A338}.Release|x64.ActiveCfg = Release|x64
		{FC7D16AD-795B-4D9D-B359-2E12D9B4A338}.Release|x64.Build.0 = Release|x64
		{FC7D16AD-795B-4D9D-B359-2E12D9B4A338}.Release|x86.ActiveCfg = Release|Win32
		{FC7D16AD-795B-4D9D-B359-2E12D9B4A338}.Release|x86.Build.0 = Release|Win32
	EndGlobalSection
	GlobalSection(SolutionProperties) = preSolution
		HideSolutionNode = FALSE
	EndGlobalSection
	GlobalSection(ExtensibilityGlobals) = postSolution
		SolutionGuid = {13A48B5F-C71B-4848-A2F0-DF71E50BD3F9}
	EndGlobalSection
EndGlobal
